
Microsoft Visual Studio Solution File, Format Version 12.00
# Visual Studio Version 17
VisualStudioVersion = 17.1.32421.90
MinimumVisualStudioVersion = 10.0.40219.1
Project("{FAE04EC0-301F-11D3-BF4B-00C04F79EFBC}") = "Frontend", "Gestor_Libros\Frontend.csproj", "{0A58B349-99F0-485B-9857-A0C625FCC09C}"
EndProject
Project("{FAE04EC0-301F-11D3-BF4B-00C04F79EFBC}") = "Backend", "Backend\Backend.csproj", "{C4DB3D7C-F13D-45CF-A989-7509E91C10D8}"
EndProject
Global
	GlobalSection(SolutionConfigurationPlatforms) = preSolution
		Debug|Any CPU = Debug|Any CPU
		Release|Any CPU = Release|Any CPU
	EndGlobalSection
	GlobalSection(ProjectConfigurationPlatforms) = postSolution
		{0A58B349-99F0-485B-9857-A0C625FCC09C}.Debug|Any CPU.ActiveCfg = Debug|Any CPU
		{0A58B349-99F0-485B-9857-A0C625FCC09C}.Debug|Any CPU.Build.0 = Debug|Any CPU
		{0A58B349-99F0-485B-9857-A0C625FCC09C}.Release|Any CPU.ActiveCfg = Release|Any CPU
		{0A58B349-99F0-485B-9857-A0C625FCC09C}.Release|Any CPU.Build.0 = Release|Any CPU
		{C4DB3D7C-F13D-45CF-A989-7509E91C10D8}.Debug|Any CPU.ActiveCfg = Debug|Any CPU
		{C4DB3D7C-F13D-45CF-A989-7509E91C10D8}.Debug|Any CPU.Build.0 = Debug|Any CPU
		{C4DB3D7C-F13D-45CF-A989-7509E91C10D8}.Release|Any CPU.ActiveCfg = Release|Any CPU
		{C4DB3D7C-F13D-45CF-A989-7509E91C10D8}.Release|Any CPU.Build.0 = Release|Any CPU
	EndGlobalSection
	GlobalSection(SolutionProperties) = preSolution
		HideSolutionNode = FALSE
	EndGlobalSection
	GlobalSection(ExtensibilityGlobals) = postSolution
		SolutionGuid = {A3CC4723-C803-4B9D-BFA9-2F851A09280A}
	EndGlobalSection
EndGlobal
